
Microsoft Visual Studio Solution File, Format Version 12.00
# Visual Studio Version 17
VisualStudioVersion = 17.1.32421.90
MinimumVisualStudioVersion = 10.0.40219.1
Project("{9A19103F-16F7-4668-BE54-9A1E7A4F7556}") = "Tarefas", "Tarefas.csproj", "{1CF0B621-F4F4-4ADB-91FF-B4435B9E14F5}"
EndProject
Global
	GlobalSection(SolutionConfigurationPlatforms) = preSolution
		Debug|Any CPU = Debug|Any CPU
		Release|Any CPU = Release|Any CPU
	EndGlobalSection
	GlobalSection(ProjectConfigurationPlatforms) = postSolution
		{1CF0B621-F4F4-4ADB-91FF-B4435B9E14F5}.Debug|Any CPU.ActiveCfg = Debug|Any CPU
		{1CF0B621-F4F4-4ADB-91FF-B4435B9E14F5}.Debug|Any CPU.Build.0 = Debug|Any CPU
		{1CF0B621-F4F4-4ADB-91FF-B4435B9E14F5}.Release|Any CPU.ActiveCfg = Release|Any CPU
		{1CF0B621-F4F4-4ADB-91FF-B4435B9E14F5}.Release|Any CPU.Build.0 = Release|Any CPU
	EndGlobalSection
	GlobalSection(SolutionProperties) = preSolution
		HideSolutionNode = FALSE
	EndGlobalSection
	GlobalSection(ExtensibilityGlobals) = postSolution
		SolutionGuid = {08BB654F-54B8-4BF7-88DA-646106CF5E17}
	EndGlobalSection
EndGlobal
